github.com/kaiiiz/hugo-theme-monochrome v2.0.0+incompatible h1:b2bJVvjSz7UMeWOH+y8Dwi7NMM7s8nk+2gzcKBmSvsE=
github.com/kaiiiz/hugo-theme-monochrome v2.0.0+incompatible/go.mod h1:la906j3s0e3SFjWmXPM84sX8b/WU1wejqR6XaGmBO2I=
github.com/lxndrblz/anatole v1.13.0 h1:H3f6kEZJWSPApJyvWSEee6L+rjWY896peMbSFpY9Eks=
github.com/lxndrblz/anatole v1.13.0/go.mod h1:hy61SRyUDKaWw2P+cERt9UPde5guWyVKgtjdzRF5bfI=
